// !$*UTF8*$!
{
	archiveVersion = 1;
	classes = {
	};
	objectVersion = 56;
	objects = {

/* Begin PBXBuildFile section */
		C9652B98290DBE810061EB57 /* ChallengYApp.swift in Sources */ = {isa = PBXBuildFile; fileRef = C9652B97290DBE810061EB57 /* ChallengYApp.swift */; };
		C9652B9A290DBE810061EB57 /* ContentView.swift in Sources */ = {isa = PBXBuildFile; fileRef = C9652B99290DBE810061EB57 /* ContentView.swift */; };
		C9652B9C290DBE820061EB57 /* Assets.xcassets in Resources */ = {isa = PBXBuildFile; fileRef = C9652B9B290DBE820061EB57 /* Assets.xcassets */; };
		C9652B9F290DBE820061EB57 /* Preview Assets.xcassets in Resources */ = {isa = PBXBuildFile; fileRef = C9652B9E290DBE820061EB57 /* Preview Assets.xcassets */; };
		C9652BA1290DBE820061EB57 /* Persistence.swift in Sources */ = {isa = PBXBuildFile; fileRef = C9652BA0290DBE820061EB57 /* Persistence.swift */; };
		C9652BA4290DBE820061EB57 /* ChallengY.xcdatamodeld in Sources */ = {isa = PBXBuildFile; fileRef = C9652BA2290DBE820061EB57 /* ChallengY.xcdatamodeld */; };
		C9652BAB290DC59B0061EB57 /* HomePage.swift in Sources */ = {isa = PBXBuildFile; fileRef = C9652BAA290DC59B0061EB57 /* HomePage.swift */; };
		C9652BAE290DC7D00061EB57 /* OnBoarding1.swift in Sources */ = {isa = PBXBuildFile; fileRef = C9652BAD290DC7D00061EB57 /* OnBoarding1.swift */; };
		C9652BB0290DCACC0061EB57 /* OnBoarding2.swift in Sources */ = {isa = PBXBuildFile; fileRef = C9652BAF290DCACC0061EB57 /* OnBoarding2.swift */; };
		C9652BB2290DCB080061EB57 /* OnBoarding3.swift in Sources */ = {isa = PBXBuildFile; fileRef = C9652BB1290DCB080061EB57 /* OnBoarding3.swift */; };
		C9652BB4290DCB420061EB57 /* OnBoarding4.swift in Sources */ = {isa = PBXBuildFile; fileRef = C9652BB3290DCB420061EB57 /* OnBoarding4.swift */; };
		C9652BB6290DCE950061EB57 /* OnBoardingManager.swift in Sources */ = {isa = PBXBuildFile; fileRef = C9652BB5290DCE950061EB57 /* OnBoardingManager.swift */; };
		C9652BB8290E90890061EB57 /* ChallengeGenerator.swift in Sources */ = {isa = PBXBuildFile; fileRef = C9652BB7290E90890061EB57 /* ChallengeGenerator.swift */; };
		C9652BBC290E99BB0061EB57 /* Archive.swift in Sources */ = {isa = PBXBuildFile; fileRef = C9652BBB290E99BB0061EB57 /* Archive.swift */; };
		C9652BBE290E9A3F0061EB57 /* AcceptChallenge.swift in Sources */ = {isa = PBXBuildFile; fileRef = C9652BBD290E9A3F0061EB57 /* AcceptChallenge.swift */; };
/* End PBXBuildFile section */

/* Begin PBXFileReference section */
		C9652B94290DBE810061EB57 /* ChallengY.app */ = {isa = PBXFileReference; explicitFileType = wrapper.application; includeInIndex = 0; path = ChallengY.app; sourceTree = BUILT_PRODUCTS_DIR; };
		C9652B97290DBE810061EB57 /* ChallengYApp.swift */ = {isa = PBXFileReference; lastKnownFileType = sourcecode.swift; path = ChallengYApp.swift; sourceTree = "<group>"; };
		C9652B99290DBE810061EB57 /* ContentView.swift */ = {isa = PBXFileReference; lastKnownFileType = sourcecode.swift; path = ContentView.swift; sourceTree = "<group>"; };
		C9652B9B290DBE820061EB57 /* Assets.xcassets */ = {isa = PBXFileReference; lastKnownFileType = folder.assetcatalog; path = Assets.xcassets; sourceTree = "<group>"; };
		C9652B9E290DBE820061EB57 /* Preview Assets.xcassets */ = {isa = PBXFileReference; lastKnownFileType = folder.assetcatalog; path = "Preview Assets.xcassets"; sourceTree = "<group>"; };
		C9652BA0290DBE820061EB57 /* Persistence.swift */ = {isa = PBXFileReference; lastKnownFileType = sourcecode.swift; path = Persistence.swift; sourceTree = "<group>"; };
		C9652BA3290DBE820061EB57 /* ChallengY.xcdatamodel */ = {isa = PBXFileReference; lastKnownFileType = wrapper.xcdatamodel; path = ChallengY.xcdatamodel; sourceTree = "<group>"; };
		C9652BAA290DC59B0061EB57 /* HomePage.swift */ = {isa = PBXFileReference; lastKnownFileType = sourcecode.swift; path = HomePage.swift; sourceTree = "<group>"; };
		C9652BAD290DC7D00061EB57 /* OnBoarding1.swift */ = {isa = PBXFileReference; lastKnownFileType = sourcecode.swift; path = OnBoarding1.swift; sourceTree = "<group>"; };
		C9652BAF290DCACC0061EB57 /* OnBoarding2.swift */ = {isa = PBXFileReference; lastKnownFileType = sourcecode.swift; path = OnBoarding2.swift; sourceTree = "<group>"; };
		C9652BB1290DCB080061EB57 /* OnBoarding3.swift */ = {isa = PBXFileReference; lastKnownFileType = sourcecode.swift; path = OnBoarding3.swift; sourceTree = "<group>"; };
		C9652BB3290DCB420061EB57 /* OnBoarding4.swift */ = {isa = PBXFileReference; lastKnownFileType = sourcecode.swift; path = OnBoarding4.swift; sourceTree = "<group>"; };
		C9652BB5290DCE950061EB57 /* OnBoardingManager.swift */ = {isa = PBXFileReference; lastKnownFileType = sourcecode.swift; path = OnBoardingManager.swift; sourceTree = "<group>"; };
		C9652BB7290E90890061EB57 /* ChallengeGenerator.swift */ = {isa = PBXFileReference; lastKnownFileType = sourcecode.swift; path = ChallengeGenerator.swift; sourceTree = "<group>"; };
		C9652BBB290E99BB0061EB57 /* Archive.swift */ = {isa = PBXFileReference; lastKnownFileType = sourcecode.swift; path = Archive.swift; sourceTree = "<group>"; };
		C9652BBD290E9A3F0061EB57 /* AcceptChallenge.swift */ = {isa = PBXFileReference; lastKnownFileType = sourcecode.swift; path = AcceptChallenge.swift; sourceTree = "<group>"; };
/* End PBXFileReference section */

/* Begin PBXFrameworksBuildPhase section */
		C9652B91290DBE810061EB57 /* Frameworks */ = {
			isa = PBXFrameworksBuildPhase;
			buildActionMask = 2147483647;
			files = (
			);
			runOnlyForDeploymentPostprocessing = 0;
		};
/* End PBXFrameworksBuildPhase section */

/* Begin PBXGroup section */
		C9652B8B290DBE810061EB57 = {
			isa = PBXGroup;
			children = (
				C9652B96290DBE810061EB57 /* ChallengY */,
				C9652BBD290E9A3F0061EB57 /* AcceptChallenge.swift */,
				C9652BBB290E99BB0061EB57 /* Archive.swift */,
				C9652BAA290DC59B0061EB57 /* HomePage.swift */,
				C9652B9B290DBE820061EB57 /* Assets.xcassets */,
				C9652B9D290DBE820061EB57 /* Preview Content */,
				C9652B95290DBE810061EB57 /* Products */,
			);
			sourceTree = "<group>";
		};
		C9652B95290DBE810061EB57 /* Products */ = {
			isa = PBXGroup;
			children = (
				C9652B94290DBE810061EB57 /* ChallengY.app */,
			);
			name = Products;
			sourceTree = "<group>";
		};
		C9652B96290DBE810061EB57 /* ChallengY */ = {
			isa = PBXGroup;
			children = (
				C9652B97290DBE810061EB57 /* ChallengYApp.swift */,
				C9652B99290DBE810061EB57 /* ContentView.swift */,
				C9652BB7290E90890061EB57 /* ChallengeGenerator.swift */,
				C9652BAC290DC7A20061EB57 /* OnBoarding */,
			);
			path = ChallengY;
			sourceTree = "<group>";
		};
		C9652B9D290DBE820061EB57 /* Preview Content */ = {
			isa = PBXGroup;
			children = (
				C9652BA2290DBE820061EB57 /* ChallengY.xcdatamodeld */,
				C9652BA0290DBE820061EB57 /* Persistence.swift */,
				C9652B9E290DBE820061EB57 /* Preview Assets.xcassets */,
			);
			path = "Preview Content";
			sourceTree = "<group>";
		};
		C9652BAC290DC7A20061EB57 /* OnBoarding */ = {
			isa = PBXGroup;
			children = (
				C9652BB5290DCE950061EB57 /* OnBoardingManager.swift */,
				C9652BAD290DC7D00061EB57 /* OnBoarding1.swift */,
				C9652BAF290DCACC0061EB57 /* OnBoarding2.swift */,
				C9652BB1290DCB080061EB57 /* OnBoarding3.swift */,
				C9652BB3290DCB420061EB57 /* OnBoarding4.swift */,
			);
			path = OnBoarding;
			sourceTree = "<group>";
		};
/* End PBXGroup section */

/* Begin PBXNativeTarget section */
		C9652B93290DBE810061EB57 /* ChallengY */ = {
			isa = PBXNativeTarget;
			buildConfigurationList = C9652BA7290DBE820061EB57 /* Build configuration list for PBXNativeTarget "ChallengY" */;
			buildPhases = (
				C9652B90290DBE810061EB57 /* Sources */,
				C9652B91290DBE810061EB57 /* Frameworks */,
				C9652B92290DBE810061EB57 /* Resources */,
			);
			buildRules = (
			);
			dependencies = (
			);
			name = ChallengY;
			productName = ChallengY;
			productReference = C9652B94290DBE810061EB57 /* ChallengY.app */;
			productType = "com.apple.product-type.application";
		};
/* End PBXNativeTarget section */

/* Begin PBXProject section */
		C9652B8C290DBE810061EB57 /* Project object */ = {
			isa = PBXProject;
			attributes = {
				BuildIndependentTargetsInParallel = 1;
				LastSwiftUpdateCheck = 1400;
				LastUpgradeCheck = 1400;
				TargetAttributes = {
					C9652B93290DBE810061EB57 = {
						CreatedOnToolsVersion = 14.0.1;
					};
				};
			};
			buildConfigurationList = C9652B8F290DBE810061EB57 /* Build configuration list for PBXProject "ChallengY" */;
			compatibilityVersion = "Xcode 14.0";
			developmentRegion = en;
			hasScannedForEncodings = 0;
			knownRegions = (
				en,
				Base,
			);
			mainGroup = C9652B8B290DBE810061EB57;
			productRefGroup = C9652B95290DBE810061EB57 /* Products */;
			projectDirPath = "";
			projectRoot = "";
			targets = (
				C9652B93290DBE810061EB57 /* ChallengY */,
			);
		};
/* End PBXProject section */

/* Begin PBXResourcesBuildPhase section */
		C9652B92290DBE810061EB57 /* Resources */ = {
			isa = PBXResourcesBuildPhase;
			buildActionMask = 2147483647;
			files = (
				C9652B9F290DBE820061EB57 /* Preview Assets.xcassets in Resources */,
				C9652B9C290DBE820061EB57 /* Assets.xcassets in Resources */,
			);
			runOnlyForDeploymentPostprocessing = 0;
		};
/* End PBXResourcesBuildPhase section */

/* Begin PBXSourcesBuildPhase section */
		C9652B90290DBE810061EB57 /* Sources */ = {
			isa = PBXSourcesBuildPhase;
			buildActionMask = 2147483647;
			files = (
				C9652BB4290DCB420061EB57 /* OnBoarding4.swift in Sources */,
				C9652BAE290DC7D00061EB57 /* OnBoarding1.swift in Sources */,
				C9652BAB290DC59B0061EB57 /* HomePage.swift in Sources */,
				C9652BB2290DCB080061EB57 /* OnBoarding3.swift in Sources */,
				C9652BA1290DBE820061EB57 /* Persistence.swift in Sources */,
				C9652BA4290DBE820061EB57 /* ChallengY.xcdatamodeld in Sources */,
				C9652BB8290E90890061EB57 /* ChallengeGenerator.swift in Sources */,
				C9652B9A290DBE810061EB57 /* ContentView.swift in Sources */,
				C9652BB0290DCACC0061EB57 /* OnBoarding2.swift in Sources */,
				C9652BBE290E9A3F0061EB57 /* AcceptChallenge.swift in Sources */,
				C9652BB6290DCE950061EB57 /* OnBoardingManager.swift in Sources */,
				C9652BBC290E99BB0061EB57 /* Archive.swift in Sources */,
				C9652B98290DBE810061EB57 /* ChallengYApp.swift in Sources */,
			);
			runOnlyForDeploymentPostprocessing = 0;
		};
/* End PBXSourcesBuildPhase section */

/* Begin XCBuildConfiguration section */
		C9652BA5290DBE820061EB57 /* Debug */ = {
			isa = XCBuildConfiguration;
			buildSettings = {
				ALWAYS_SEARCH_USER_PATHS = NO;
				CLANG_ANALYZER_NONNULL = YES;
				CLANG_ANALYZER_NUMBER_OBJECT_CONVERSION = YES_AGGRESSIVE;
				CLANG_CXX_LANGUAGE_STANDARD = "gnu++20";
				CLANG_ENABLE_MODULES = YES;
				CLANG_ENABLE_OBJC_ARC = YES;
				CLANG_ENABLE_OBJC_WEAK = YES;
				CLANG_WARN_BLOCK_CAPTURE_AUTORELEASING = YES;
				CLANG_WARN_BOOL_CONVERSION = YES;
				CLANG_WARN_COMMA = YES;
				CLANG_WARN_CONSTANT_CONVERSION = YES;
				CLANG_WARN_DEPRECATED_OBJC_IMPLEMENTATIONS = YES;
				CLANG_WARN_DIRECT_OBJC_ISA_USAGE = YES_ERROR;
				CLANG_WARN_DOCUMENTATION_COMMENTS = YES;
				CLANG_WARN_EMPTY_BODY = YES;
				CLANG_WARN_ENUM_CONVERSION = YES;
				CLANG_WARN_INFINITE_RECURSION = YES;
				CLANG_WARN_INT_CONVERSION = YES;
				CLANG_WARN_NON_LITERAL_NULL_CONVERSION = YES;
				CLANG_WARN_OBJC_IMPLICIT_RETAIN_SELF = YES;
				CLANG_WARN_OBJC_LITERAL_CONVERSION = YES;
				CLANG_WARN_OBJC_ROOT_CLASS = YES_ERROR;
				CLANG_WARN_QUOTED_INCLUDE_IN_FRAMEWORK_HEADER = YES;
				CLANG_WARN_RANGE_LOOP_ANALYSIS = YES;
				CLANG_WARN_STRICT_PROTOTYPES = YES;
				CLANG_WARN_SUSPICIOUS_MOVE = YES;
				CLANG_WARN_UNGUARDED_AVAILABILITY = YES_AGGRESSIVE;
				CLANG_WARN_UNREACHABLE_CODE = YES;
				CLANG_WARN__DUPLICATE_METHOD_MATCH = YES;
				COPY_PHASE_STRIP = NO;
				DEBUG_INFORMATION_FORMAT = dwarf;
				ENABLE_STRICT_OBJC_MSGSEND = YES;
				ENABLE_TESTABILITY = YES;
				GCC_C_LANGUAGE_STANDARD = gnu11;
				GCC_DYNAMIC_NO_PIC = NO;
				GCC_NO_COMMON_BLOCKS = YES;
				GCC_OPTIMIZATION_LEVEL = 0;
				GCC_PREPROCESSOR_DEFINITIONS = (
					"DEBUG=1",
					"$(inherited)",
				);
				GCC_WARN_64_TO_32_BIT_CONVERSION = YES;
				GCC_WARN_ABOUT_RETURN_TYPE = YES_ERROR;
				GCC_WARN_UNDECLARED_SELECTOR = YES;
				GCC_WARN_UNINITIALIZED_AUTOS = YES_AGGRESSIVE;
				GCC_WARN_UNUSED_FUNCTION = YES;
				GCC_WARN_UNUSED_VARIABLE = YES;
				IPHONEOS_DEPLOYMENT_TARGET = 16.0;
				MTL_ENABLE_DEBUG_INFO = INCLUDE_SOURCE;
				MTL_FAST_MATH = YES;
				ONLY_ACTIVE_ARCH = YES;
				SDKROOT = iphoneos;
				SWIFT_ACTIVE_COMPILATION_CONDITIONS = DEBUG;
				SWIFT_OPTIMIZATION_LEVEL = "-Onone";
			};
			name = Debug;
		};
		C9652BA6290DBE820061EB57 /* Release */ = {
			isa = XCBuildConfiguration;
			buildSettings = {
				ALWAYS_SEARCH_USER_PATHS = NO;
				CLANG_ANALYZER_NONNULL = YES;
				CLANG_ANALYZER_NUMBER_OBJECT_CONVERSION = YES_AGGRESSIVE;
				CLANG_CXX_LANGUAGE_STANDARD = "gnu++20";
				CLANG_ENABLE_MODULES = YES;
				CLANG_ENABLE_OBJC_ARC = YES;
				CLANG_ENABLE_OBJC_WEAK = YES;
				CLANG_WARN_BLOCK_CAPTURE_AUTORELEASING = YES;
				CLANG_WARN_BOOL_CONVERSION = YES;
				CLANG_WARN_COMMA = YES;
				CLANG_WARN_CONSTANT_CONVERSION = YES;
				CLANG_WARN_DEPRECATED_OBJC_IMPLEMENTATIONS = YES;
				CLANG_WARN_DIRECT_OBJC_ISA_USAGE = YES_ERROR;
				CLANG_WARN_DOCUMENTATION_COMMENTS = YES;
				CLANG_WARN_EMPTY_BODY = YES;
				CLANG_WARN_ENUM_CONVERSION = YES;
				CLANG_WARN_INFINITE_RECURSION = YES;
				CLANG_WARN_INT_CONVERSION = YES;
				CLANG_WARN_NON_LITERAL_NULL_CONVERSION = YES;
				CLANG_WARN_OBJC_IMPLICIT_RETAIN_SELF = YES;
				CLANG_WARN_OBJC_LITERAL_CONVERSION = YES;
				CLANG_WARN_OBJC_ROOT_CLASS = YES_ERROR;
				CLANG_WARN_QUOTED_INCLUDE_IN_FRAMEWORK_HEADER = YES;
				CLANG_WARN_RANGE_LOOP_ANALYSIS = YES;
				CLANG_WARN_STRICT_PROTOTYPES = YES;
				CLANG_WARN_SUSPICIOUS_MOVE = YES;
				CLANG_WARN_UNGUARDED_AVAILABILITY = YES_AGGRESSIVE;
				CLANG_WARN_UNREACHABLE_CODE = YES;
				CLANG_WARN__DUPLICATE_METHOD_MATCH = YES;
				COPY_PHASE_STRIP = NO;
				DEBUG_INFORMATION_FORMAT = "dwarf-with-dsym";
				ENABLE_NS_ASSERTIONS = NO;
				ENABLE_STRICT_OBJC_MSGSEND = YES;
				GCC_C_LANGUAGE_STANDARD = gnu11;
				GCC_NO_COMMON_BLOCKS = YES;
				GCC_WARN_64_TO_32_BIT_CONVERSION = YES;
				GCC_WARN_ABOUT_RETURN_TYPE = YES_ERROR;
				GCC_WARN_UNDECLARED_SELECTOR = YES;
				GCC_WARN_UNINITIALIZED_AUTOS = YES_AGGRESSIVE;
				GCC_WARN_UNUSED_FUNCTION = YES;
				GCC_WARN_UNUSED_VARIABLE = YES;
				IPHONEOS_DEPLOYMENT_TARGET = 16.0;
				MTL_ENABLE_DEBUG_INFO = NO;
				MTL_FAST_MATH = YES;
				SDKROOT = iphoneos;
				SWIFT_COMPILATION_MODE = wholemodule;
				SWIFT_OPTIMIZATION_LEVEL = "-O";
				VALIDATE_PRODUCT = YES;
			};
			name = Release;
		};
		C9652BA8290DBE820061EB57 /* Debug */ = {
			isa = XCBuildConfiguration;
			buildSettings = {
				ASSETCATALOG_COMPILER_APPICON_NAME = AppIcon;
				ASSETCATALOG_COMPILER_GLOBAL_ACCENT_COLOR_NAME = AccentColor;
				CODE_SIGN_STYLE = Automatic;
				CURRENT_PROJECT_VERSION = 1;
				DEVELOPMENT_ASSET_PATHS = "\"ChallengY/Preview Content\"";
				DEVELOPMENT_TEAM = 7UYK6M3ATF;
				ENABLE_PREVIEWS = YES;
				GENERATE_INFOPLIST_FILE = YES;
				INFOPLIST_KEY_UIApplicationSceneManifest_Generation = YES;
				INFOPLIST_KEY_UIApplicationSupportsIndirectInputEvents = YES;
				INFOPLIST_KEY_UILaunchScreen_Generation = YES;
				INFOPLIST_KEY_UISupportedInterfaceOrientations_iPad = "UIInterfaceOrientationPortrait UIInterfaceOrientationPortraitUpsideDown UIInterfaceOrientationLandscapeLeft UIInterfaceOrientationLandscapeRight";
				INFOPLIST_KEY_UISupportedInterfaceOrientations_iPhone = "UIInterfaceOrientationPortrait UIInterfaceOrientationLandscapeLeft UIInterfaceOrientationLandscapeRight";
				LD_RUNPATH_SEARCH_PATHS = (
					"$(inherited)",
					"@executable_path/Frameworks",
				);
				MARKETING_VERSION = 1.0;
				PRODUCT_BUNDLE_IDENTIFIER = ritamarrano.ChallengY;
				PRODUCT_NAME = "$(TARGET_NAME)";
				SWIFT_EMIT_LOC_STRINGS = YES;
				SWIFT_VERSION = 5.0;
				TARGETED_DEVICE_FAMILY = "1,2";
			};
			name = Debug;
		};
		C9652BA9290DBE820061EB57 /* Release */ = {
			isa = XCBuildConfiguration;
			buildSettings = {
				ASSETCATALOG_COMPILER_APPICON_NAME = AppIcon;
				ASSETCATALOG_COMPILER_GLOBAL_ACCENT_COLOR_NAME = AccentColor;
				CODE_SIGN_STYLE = Automatic;
				CURRENT_PROJECT_VERSION = 1;
				DEVELOPMENT_ASSET_PATHS = "\"ChallengY/Preview Content\"";
				DEVELOPMENT_TEAM = 7UYK6M3ATF;
				ENABLE_PREVIEWS = YES;
				GENERATE_INFOPLIST_FILE = YES;
				INFOPLIST_KEY_UIApplicationSceneManifest_Generation = YES;
				INFOPLIST_KEY_UIApplicationSupportsIndirectInputEvents = YES;
				INFOPLIST_KEY_UILaunchScreen_Generation = YES;
				INFOPLIST_KEY_UISupportedInterfaceOrientations_iPad = "UIInterfaceOrientationPortrait UIInterfaceOrientationPortraitUpsideDown UIInterfaceOrientationLandscapeLeft UIInterfaceOrientationLandscapeRight";
				INFOPLIST_KEY_UISupportedInterfaceOrientations_iPhone = "UIInterfaceOrientationPortrait UIInterfaceOrientationLandscapeLeft UIInterfaceOrientationLandscapeRight";
				LD_RUNPATH_SEARCH_PATHS = (
					"$(inherited)",
					"@executable_path/Frameworks",
				);
				MARKETING_VERSION = 1.0;
				PRODUCT_BUNDLE_IDENTIFIER = ritamarrano.ChallengY;
				PRODUCT_NAME = "$(TARGET_NAME)";
				SWIFT_EMIT_LOC_STRINGS = YES;
				SWIFT_VERSION = 5.0;
				TARGETED_DEVICE_FAMILY = "1,2";
			};
			name = Release;
		};
/* End XCBuildConfiguration section */

/* Begin XCConfigurationList section */
		C9652B8F290DBE810061EB57 /* Build configuration list for PBXProject "ChallengY" */ = {
			isa = XCConfigurationList;
			buildConfigurations = (
				C9652BA5290DBE820061EB57 /* Debug */,
				C9652BA6290DBE820061EB57 /* Release */,
			);
			defaultConfigurationIsVisible = 0;
			defaultConfigurationName = Release;
		};
		C9652BA7290DBE820061EB57 /* Build configuration list for PBXNativeTarget "ChallengY" */ = {
			isa = XCConfigurationList;
			buildConfigurations = (
				C9652BA8290DBE820061EB57 /* Debug */,
				C9652BA9290DBE820061EB57 /* Release */,
			);
			defaultConfigurationIsVisible = 0;
			defaultConfigurationName = Release;
		};
/* End XCConfigurationList section */

/* Begin XCVersionGroup section */
		C9652BA2290DBE820061EB57 /* ChallengY.xcdatamodeld */ = {
			isa = XCVersionGroup;
			children = (
				C9652BA3290DBE820061EB57 /* ChallengY.xcdatamodel */,
			);
			currentVersion = C9652BA3290DBE820061EB57 /* ChallengY.xcdatamodel */;
			path = ChallengY.xcdatamodeld;
			sourceTree = "<group>";
			versionGroupType = wrapper.xcdatamodel;
		};
/* End XCVersionGroup section */
	};
	rootObject = C9652B8C290DBE810061EB57 /* Project object */;
}
